%{"connection": {:hex, :connection, "1.0.2"},
  "cowboy": {:hex, :cowboy, "1.0.4"},
  "cowlib": {:hex, :cowlib, "1.0.2"},
  "decimal": {:hex, :decimal, "1.1.1"},
  "ecto": {:hex, :ecto, "1.1.1"},
  "esqlite": {:hex, :esqlite, "0.2.1"},
  "fs": {:hex, :fs, "0.9.2"},
  "graphql": {:hex, :graphql, "0.1.0"},
  "phoenix": {:hex, :phoenix, "1.1.2"},
  "phoenix_ecto": {:hex, :phoenix_ecto, "2.0.0"},
  "phoenix_html": {:hex, :phoenix_html, "2.3.1"},
  "phoenix_live_reload": {:hex, :phoenix_live_reload, "1.0.1"},
  "pipe": {:hex, :pipe, "0.0.2"},
  "plug": {:hex, :plug, "1.1.0"},
  "plug_graphql": {:hex, :plug_graphql, "0.1.0"},
  "poison": {:hex, :poison, "1.5.2"},
  "poolboy": {:hex, :poolboy, "1.5.1"},
  "postgrex": {:hex, :postgrex, "0.10.0"},
  "ranch": {:hex, :ranch, "1.2.0"},
  "sqlite_ecto": {:hex, :sqlite_ecto, "1.0.2"},
  "sqlitex": {:hex, :sqlitex, "0.8.2"}}
